
Microsoft Visual Studio Solution File, Format Version 12.00
# Visual Studio 14
VisualStudioVersion = 14.0.24720.0
MinimumVisualStudioVersion = 10.0.40219.1
Project("{FAE04EC0-301F-11D3-BF4B-00C04F79EFBC}") = "MangaRipper", "MangaRipper\MangaRipper.csproj", "{D1AA9C9E-E499-4A77-B4D2-D88A8B26C270}"
EndProject
Global
	GlobalSection(SolutionConfigurationPlatforms) = preSolution
		Debug|Any CPU = Debug|Any CPU
		Release|Any CPU = Release|Any CPU
	EndGlobalSection
	GlobalSection(ProjectConfigurationPlatforms) = postSolution
		{D1AA9C9E-E499-4A77-B4D2-D88A8B26C270}.Debug|Any CPU.ActiveCfg = Debug|Any CPU
		{D1AA9C9E-E499-4A77-B4D2-D88A8B26C270}.Debug|Any CPU.Build.0 = Debug|Any CPU
		{D1AA9C9E-E499-4A77-B4D2-D88A8B26C270}.Release|Any CPU.ActiveCfg = Release|Any CPU
		{D1AA9C9E-E499-4A77-B4D2-D88A8B26C270}.Release|Any CPU.Build.0 = Release|Any CPU
	EndGlobalSection
	GlobalSection(SolutionProperties) = preSolution
		HideSolutionNode = FALSE
	EndGlobalSection
EndGlobal
